dependencies:
- name: postgresql
  repository: https://charts.bitnami.com/bitnami
  version: 12.12.10
- name: redis
  repository: https://charts.bitnami.com/bitnami
  version: 17.17.1
digest: sha256:f5db56ed9f8170a4b2c376f53f27542ac55f4249c318d37233f91fcad043d196
generated: "2025-10-22T16:47:03.690607-04:00"
