dependencies:
- name: redis
  repository: https://charts.bitnami.com/bitnami
  version: 17.11.7
- name: common
  repository: oci://registry-1.docker.io/bitnamicharts
  version: 2.31.4
digest: sha256:9e748d28c75bf2ba3283da25a8ae1e589ccf71cb2f31f76f5b156d9e990ee017
generated: "2025-10-22T12:54:36.3546-04:00"
